
Microsoft Visual Studio Solution File, Format Version 12.00
# Visual Studio Version 17
VisualStudioVersion = 17.2.32630.192
MinimumVisualStudioVersion = 10.0.40219.1
Project("{FAE04EC0-301F-11D3-BF4B-00C04F79EFBC}") = "Agents", "Agents\Agents.csproj", "{037BAC08-2BD1-4D50-BFA7-7488C23B73B4}"
EndProject
Project("{FAE04EC0-301F-11D3-BF4B-00C04F79EFBC}") = "WSUniversalLib", "WSUniversalLib\WSUniversalLib.csproj", "{0CB0616C-19BA-4107-A8DF-636E7C123E6F}"
EndProject
Project("{FAE04EC0-301F-11D3-BF4B-00C04F79EFBC}") = "WSUniversalLibTestProject", "WSUniversalLibTestProject\WSUniversalLibTestProject.csproj", "{FC1B3C87-D890-4EE7-AB2A-4D0A359303F8}"
EndProject
Global
	GlobalSection(SolutionConfigurationPlatforms) = preSolution
		Debug|Any CPU = Debug|Any CPU
		Release|Any CPU = Release|Any CPU
	EndGlobalSection
	GlobalSection(ProjectConfigurationPlatforms) = postSolution
		{037BAC08-2BD1-4D50-BFA7-7488C23B73B4}.Debug|Any CPU.ActiveCfg = Debug|Any CPU
		{037BAC08-2BD1-4D50-BFA7-7488C23B73B4}.Debug|Any CPU.Build.0 = Debug|Any CPU
		{037BAC08-2BD1-4D50-BFA7-7488C23B73B4}.Release|Any CPU.ActiveCfg = Release|Any CPU
		{037BAC08-2BD1-4D50-BFA7-7488C23B73B4}.Release|Any CPU.Build.0 = Release|Any CPU
		{0CB0616C-19BA-4107-A8DF-636E7C123E6F}.Debug|Any CPU.ActiveCfg = Debug|Any CPU
		{0CB0616C-19BA-4107-A8DF-636E7C123E6F}.Debug|Any CPU.Build.0 = Debug|Any CPU
		{0CB0616C-19BA-4107-A8DF-636E7C123E6F}.Release|Any CPU.ActiveCfg = Release|Any CPU
		{0CB0616C-19BA-4107-A8DF-636E7C123E6F}.Release|Any CPU.Build.0 = Release|Any CPU
		{FC1B3C87-D890-4EE7-AB2A-4D0A359303F8}.Debug|Any CPU.ActiveCfg = Debug|Any CPU
		{FC1B3C87-D890-4EE7-AB2A-4D0A359303F8}.Debug|Any CPU.Build.0 = Debug|Any CPU
		{FC1B3C87-D890-4EE7-AB2A-4D0A359303F8}.Release|Any CPU.ActiveCfg = Release|Any CPU
		{FC1B3C87-D890-4EE7-AB2A-4D0A359303F8}.Release|Any CPU.Build.0 = Release|Any CPU
	EndGlobalSection
	GlobalSection(SolutionProperties) = preSolution
		HideSolutionNode = FALSE
	EndGlobalSection
	GlobalSection(ExtensibilityGlobals) = postSolution
		SolutionGuid = {85431F61-C153-44A7-9750-69F928A40718}
	EndGlobalSection
EndGlobal
